lockfileVersion: 5.3

specifiers:
  '@babel/types': 7.17.0
  '@layui/layui-vue': ^1.0.3
  '@vitejs/plugin-vue': ^1.9.3
  '@vue/compiler-sfc': ^3.2.31
  axios: ^0.24.0
  less: ^4.1.2
  pinia: ^2.0.9
  pinia-plugin-persist: ^1.0.0
  typescript: ^4.4.3
  vite: ^2.6.5
  vue: ^3.2.31
  vue-router: ^4.0.12
  vue-tsc: ^0.0.24

dependencies:
  '@layui/layui-vue': 1.0.3_vue@3.2.32
  axios: 0.24.0
  pinia: 2.0.13_typescript@4.6.3+vue@3.2.32
  pinia-plugin-persist: 1.0.0_pinia@2.0.13+vue@3.2.32
  vue: 3.2.32
  vue-router: 4.0.14_vue@3.2.32

devDependencies:
  '@babel/types': 7.17.0
  '@vitejs/plugin-vue': 1.10.2_vite@2.9.4
  '@vue/compiler-sfc': 3.2.32
  less: 4.1.2
  typescript: 4.6.3
  vite: 2.9.4_less@4.1.2
  vue-tsc: 0.0.24

packages:

  /@babel/helper-validator-identifier/7.16.7:
    resolution: {integrity: sha512-hsEnFemeiW4D08A5gUAZxLBTXpZ39P+a+DGDsHw1yxqyQ/jzFEnxf5uTEGp+3bzAbNOxU1paTgYS4ECU/IgfDw==}
    engines: {node: '>=6.9.0'}
    dev: true

  /@babel/parser/7.17.9:
    resolution: {integrity: sha512-vqUSBLP8dQHFPdPi9bc5GK9vRkYHJ49fsZdtoJ8EQ8ibpwk5rPKfvNIwChB0KVXcIjcepEBBd2VHC5r9Gy8ueg==}
    engines: {node: '>=6.0.0'}
    hasBin: true

  /@babel/types/7.17.0:
    resolution: {integrity: sha512-TmKSNO4D5rzhL5bjWFcVHHLETzfQ/AmbKpKPOSjlP0WoHZ6L911fgoOKY4Alp/emzG4cHJdyN49zpgkbXFEHHw==}
    engines: {node: '>=6.9.0'}
    dependencies:
      '@babel/helper-validator-identifier': 7.16.7
      to-fast-properties: 2.0.0
    dev: true

  /@intlify/core-base/9.2.0-beta.35:
    resolution: {integrity: sha512-53yuCpo2ov5OKdvBTvE5zKMo2clLVqNORwkcY9TUu0B+yrOeDwLWQnbPJnOoDu5KkRdbdXlMxnHNCpJ5vlGZ1g==}
    engines: {node: '>= 12'}
    dependencies:
      '@intlify/devtools-if': 9.2.0-beta.35
      '@intlify/message-compiler': 9.2.0-beta.35
      '@intlify/shared': 9.2.0-beta.35
      '@intlify/vue-devtools': 9.2.0-beta.35
    dev: false

  /@intlify/devtools-if/9.2.0-beta.35:
    resolution: {integrity: sha512-y3+7M+eS9mqeXTBa1QWAvt4nsjwWJ5G4xT+G3IFtd7Vb2CQHwli229n0avD+VdlDGwWCDWpLkny8QWtdNEYpOA==}
    engines: {node: '>= 12'}
    dependencies:
      '@intlify/shared': 9.2.0-beta.35
    dev: false

  /@intlify/message-compiler/9.2.0-beta.35:
    resolution: {integrity: sha512-wYQCgnRtyJ40HK3bJTrszHDaxqDXZH+9Ps7RsXNuNwZ9hIb1cVkLiUNIbuJS/XSJ1kATJXA6K+4if6ZLb0Ozxw==}
    engines: {node: '>= 12'}
    dependencies:
      '@intlify/shared': 9.2.0-beta.35
      source-map: 0.6.1
    dev: false

  /@intlify/shared/9.2.0-beta.35:
    resolution: {integrity: sha512-DXf7xrwf08GKhr93XPQ8EgaEN0CIELl+mAS6SlRhi/aLtZv5HSGSMkz4M/ICwoWzFLSgOx/ZdBSasex19MMogg==}
    engines: {node: '>= 12'}
    dev: false

  /@intlify/vue-devtools/9.2.0-beta.35:
    resolution: {integrity: sha512-h7nf5F7AV4uKrr7zKTIyv8EOaIv4yAXuo7tvnFsp5uF8FO+kpBwWDm5csw9v9neyz42hiINJSP0Amou9M2ShEA==}
    engines: {node: '>= 12'}
    dependencies:
      '@intlify/core-base': 9.2.0-beta.35
      '@intlify/shared': 9.2.0-beta.35
    dev: false

  /@layui/layui-vue/1.0.3_vue@3.2.32:
    resolution: {integrity: sha512-c8CAJq22KewS+I7hNo0OThP1wI2NgJiDbuBxloKNaMgeiJZ8Z8zrA5RAZBU0e5Z9/wT9zMWYq3zC5TUcB2Jvkw==}
    dependencies:
      '@vueuse/core': 7.7.1_vue@3.2.32
      animate.css: 4.1.1
      async-validator: 4.0.7
      cropperjs: 1.5.12
      darkreader: 4.9.46
      dayjs: 1.11.1
      evtd: 0.2.3
      uuid: 8.3.2
      vue-i18n: 9.2.0-beta.35_vue@3.2.32
    transitivePeerDependencies:
      - '@vue/composition-api'
      - vue
    dev: false

  /@vitejs/plugin-vue/1.10.2_vite@2.9.4:
    resolution: {integrity: sha512-/QJ0Z9qfhAFtKRY+r57ziY4BSbGUTGsPRMpB/Ron3QPwBZM4OZAZHdTa4a8PafCwU5DTatXG8TMDoP8z+oDqJw==}
    engines: {node: '>=12.0.0'}
    peerDependencies:
      vite: ^2.5.10
    dependencies:
      vite: 2.9.4_less@4.1.2
    dev: true

  /@vue/compiler-core/3.2.32:
    resolution: {integrity: sha512-bRQ8Rkpm/aYFElDWtKkTPHeLnX5pEkNxhPUcqu5crEJIilZH0yeFu/qUAcV4VfSE2AudNPkQSOwMZofhnuutmA==}
    dependencies:
      '@babel/parser': 7.17.9
      '@vue/shared': 3.2.32
      estree-walker: 2.0.2
      source-map: 0.6.1

  /@vue/compiler-dom/3.2.32:
    resolution: {integrity: sha512-maa3PNB/NxR17h2hDQfcmS02o1f9r9QIpN1y6fe8tWPrS1E4+q8MqrvDDQNhYVPd84rc3ybtyumrgm9D5Rf/kg==}
    dependencies:
      '@vue/compiler-core': 3.2.32
      '@vue/shared': 3.2.32

  /@vue/compiler-sfc/3.2.32:
    resolution: {integrity: sha512-uO6+Gh3AVdWm72lRRCjMr8nMOEqc6ezT9lWs5dPzh1E9TNaJkMYPaRtdY9flUv/fyVQotkfjY/ponjfR+trPSg==}
    dependencies:
      '@babel/parser': 7.17.9
      '@vue/compiler-core': 3.2.32
      '@vue/compiler-dom': 3.2.32
      '@vue/compiler-ssr': 3.2.32
      '@vue/reactivity-transform': 3.2.32
      '@vue/shared': 3.2.32
      estree-walker: 2.0.2
      magic-string: 0.25.9
      postcss: 8.4.12
      source-map: 0.6.1

  /@vue/compiler-ssr/3.2.32:
    resolution: {integrity: sha512-ZklVUF/SgTx6yrDUkaTaBL/JMVOtSocP+z5Xz/qIqqLdW/hWL90P+ob/jOQ0Xc/om57892Q7sRSrex0wujOL2Q==}
    dependencies:
      '@vue/compiler-dom': 3.2.32
      '@vue/shared': 3.2.32

  /@vue/devtools-api/6.1.4:
    resolution: {integrity: sha512-IiA0SvDrJEgXvVxjNkHPFfDx6SXw0b/TUkqMcDZWNg9fnCAHbTpoo59YfJ9QLFkwa3raau5vSlRVzMSLDnfdtQ==}
    dev: false

  /@vue/reactivity-transform/3.2.32:
    resolution: {integrity: sha512-CW1W9zaJtE275tZSWIfQKiPG0iHpdtSlmTqYBu7Y62qvtMgKG5yOxtvBs4RlrZHlaqFSE26avLAgQiTp4YHozw==}
    dependencies:
      '@babel/parser': 7.17.9
      '@vue/compiler-core': 3.2.32
      '@vue/shared': 3.2.32
      estree-walker: 2.0.2
      magic-string: 0.25.9

  /@vue/reactivity/3.2.32:
    resolution: {integrity: sha512-4zaDumuyDqkuhbb63hRd+YHFGopW7srFIWesLUQ2su/rJfWrSq3YUvoKAJE8Eu1EhZ2Q4c1NuwnEreKj1FkDxA==}
    dependencies:
      '@vue/shared': 3.2.32
    dev: false

  /@vue/runtime-core/3.2.32:
    resolution: {integrity: sha512-uKKzK6LaCnbCJ7rcHvsK0azHLGpqs+Vi9B28CV1mfWVq1F3Bj8Okk3cX+5DtD06aUh4V2bYhS2UjjWiUUKUF0w==}
    dependencies:
      '@vue/reactivity': 3.2.32
      '@vue/shared': 3.2.32
    dev: false

  /@vue/runtime-dom/3.2.32:
    resolution: {integrity: sha512-AmlIg+GPqjkNoADLjHojEX5RGcAg+TsgXOOcUrtDHwKvA8mO26EnLQLB8nylDjU6AMJh2CIYn8NEgyOV5ZIScQ==}
    dependencies:
      '@vue/runtime-core': 3.2.32
      '@vue/shared': 3.2.32
      csstype: 2.6.20
    dev: false

  /@vue/server-renderer/3.2.32_vue@3.2.32:
    resolution: {integrity: sha512-TYKpZZfRJpGTTiy/s6bVYwQJpAUx3G03z4G7/3O18M11oacrMTVHaHjiPuPqf3xQtY8R4LKmQ3EOT/DRCA/7Wg==}
    peerDependencies:
      vue: 3.2.32
    dependencies:
      '@vue/compiler-ssr': 3.2.32
      '@vue/shared': 3.2.32
      vue: 3.2.32
    dev: false

  /@vue/shared/3.2.32:
    resolution: {integrity: sha512-bjcixPErUsAnTQRQX4Z5IQnICYjIfNCyCl8p29v1M6kfVzvwOICPw+dz48nNuWlTOOx2RHhzHdazJibE8GSnsw==}

  /@vueuse/core/7.7.1_vue@3.2.32:
    resolution: {integrity: sha512-PRRgbATMpoeUmkCEBtUeJgOwtew8s+4UsEd+Pm7MhkjL2ihCNrSqxNVtM6NFE4uP2sWnkGcZpCjPuNSxowJ1Ow==}
    peerDependencies:
      '@vue/composition-api': ^1.1.0
      vue: ^2.6.0 || ^3.2.0
    peerDependenciesMeta:
      '@vue/composition-api':
        optional: true
      vue:
        optional: true
    dependencies:
      '@vueuse/shared': 7.7.1_vue@3.2.32
      vue: 3.2.32
      vue-demi: 0.12.5_vue@3.2.32
    dev: false

  /@vueuse/shared/7.7.1_vue@3.2.32:
    resolution: {integrity: sha512-rN2qd22AUl7VdBxihagWyhUNHCyVk9IpvBTTfHoLH9G7rGE552X1f+zeCfehuno0zXif13jPw+icW/wn2a0rnQ==}
    peerDependencies:
      '@vue/composition-api': ^1.1.0
      vue: ^2.6.0 || ^3.2.0
    peerDependenciesMeta:
      '@vue/composition-api':
        optional: true
      vue:
        optional: true
    dependencies:
      vue: 3.2.32
      vue-demi: 0.12.5_vue@3.2.32
    dev: false

  /animate.css/4.1.1:
    resolution: {integrity: sha512-+mRmCTv6SbCmtYJCN4faJMNFVNN5EuCTTprDTAo7YzIGji2KADmakjVA3+8mVDkZ2Bf09vayB35lSQIex2+QaQ==}
    dev: false

  /async-validator/4.0.7:
    resolution: {integrity: sha512-Pj2IR7u8hmUEDOwB++su6baaRi+QvsgajuFB9j95foM1N2gy5HM4z60hfusIO0fBPG5uLAEl6yCJr1jNSVugEQ==}
    dev: false

  /axios/0.24.0:
    resolution: {integrity: sha512-Q6cWsys88HoPgAaFAVUb0WpPk0O8iTeisR9IMqy9G8AbO4NlpVknrnQS03zzF9PGAWgO3cgletO3VjV/P7VztA==}
    dependencies:
      follow-redirects: 1.14.9
    transitivePeerDependencies:
      - debug
    dev: false

  /balanced-match/1.0.2:
    resolution: {integrity: sha512-3oSeUO0TMV67hN1AmbXsK4yaqU7tjiHlbxRDZOpH0KW9+CeX4bRAaX0Anxt0tx2MrpRpWwQaPwIlISEJhYU5Pw==}
    dev: true

  /big-integer/1.6.51:
    resolution: {integrity: sha512-GPEid2Y9QU1Exl1rpO9B2IPJGHPSupF5GnVIP0blYvNOMer2bTvSWs1jGOUg04hTmu67nmLsQ9TBo1puaotBHg==}
    engines: {node: '>=0.6'}
    dev: true

  /binary/0.3.0:
    resolution: {integrity: sha1-n2BVO8XOjDOG87VTz/R0Yq3sqnk=}
    dependencies:
      buffers: 0.1.1
      chainsaw: 0.1.0
    dev: true

  /bluebird/3.4.7:
    resolution: {integrity: sha1-9y12C+Cbf3bQjtj66Ysomo0F+rM=}
    dev: true

  /brace-expansion/1.1.11:
    resolution: {integrity: sha512-iCuPHDFgrHX7H2vEI/5xpz07zSHB00TpugqhmYtVmMO6518mCuRMoOYFldEBl0g187ufozdaHgWKcYFb61qGiA==}
    dependencies:
      balanced-match: 1.0.2
      concat-map: 0.0.1
    dev: true

  /buffer-indexof-polyfill/1.0.2:
    resolution: {integrity: sha512-I7wzHwA3t1/lwXQh+A5PbNvJxgfo5r3xulgpYDB5zckTu/Z9oUK9biouBKQUjEqzaz3HnAT6TYoovmE+GqSf7A==}
    engines: {node: '>=0.10'}
    dev: true

  /buffers/0.1.1:
    resolution: {integrity: sha1-skV5w77U1tOWru5tmorn9Ugqt7s=}
    engines: {node: '>=0.2.0'}
    dev: true

  /chainsaw/0.1.0:
    resolution: {integrity: sha1-XqtQsor+WAdNDVgpE4iCi15fvJg=}
    dependencies:
      traverse: 0.3.9
    dev: true

  /concat-map/0.0.1:
    resolution: {integrity: sha1-2Klr13/Wjfd5OnMDajug1UBdR3s=}
    dev: true

  /copy-anything/2.0.6:
    resolution: {integrity: sha512-1j20GZTsvKNkc4BY3NpMOM8tt///wY3FpIzozTOFO2ffuZcV61nojHXVKIy3WM+7ADCy5FVhdZYHYDdgTU0yJw==}
    dependencies:
      is-what: 3.14.1
    dev: true

  /core-util-is/1.0.3:
    resolution: {integrity: sha512-ZQBvi1DcpJ4GDqanjucZ2Hj3wEO5pZDS89BWbkcrvdxksJorwUDDZamX9ldFkp9aw2lmBDLgkObEA4DWNJ9FYQ==}
    dev: true

  /cropperjs/1.5.12:
    resolution: {integrity: sha512-re7UdjE5UnwdrovyhNzZ6gathI4Rs3KGCBSc8HCIjUo5hO42CtzyblmWLj6QWVw7huHyDMfpKxhiO2II77nhDw==}
    dev: false

  /csstype/2.6.20:
    resolution: {integrity: sha512-/WwNkdXfckNgw6S5R125rrW8ez139lBHWouiBvX8dfMFtcn6V81REDqnH7+CRpRipfYlyU1CmOnOxrmGcFOjeA==}
    dev: false

  /darkreader/4.9.46:
    resolution: {integrity: sha512-K+MG74C8mGXvrsY47geAQdAbKU2mw8zVCa/WT4vtW3UDgzYCmthCcLnY0+FR3RQRMOyY2fULxqREZhfVQ346AA==}
    dev: false

  /dayjs/1.11.1:
    resolution: {integrity: sha512-ER7EjqVAMkRRsxNCC5YqJ9d9VQYuWdGt7aiH2qA5R5wt8ZmWaP2dLUSIK6y/kVzLMlmh1Tvu5xUf4M/wdGJ5KA==}
    dev: false

  /debug/3.2.7:
    resolution: {integrity: sha512-CFjzYYAi4ThfiQvizrFQevTTXHtnCqWfe7x1AhgEscTz6ZbLbfoLRLPugTQyBth6f8ZERVUSyWHFD/7Wu4t1XQ==}
    dependencies:
      ms: 2.1.3
    dev: true
    optional: true

  /duplexer2/0.1.4:
    resolution: {integrity: sha1-ixLauHjA1p4+eJEFFmKjL8a93ME=}
    dependencies:
      readable-stream: 2.3.7
    dev: true

  /errno/0.1.8:
    resolution: {integrity: sha512-dJ6oBr5SQ1VSd9qkk7ByRgb/1SH4JZjCHSW/mr63/QcXO9zLVxvJ6Oy13nio03rxpSnVDDjFor75SjVeZWPW/A==}
    hasBin: true
    requiresBuild: true
    dependencies:
      prr: 1.0.1
    dev: true
    optional: true

  /esbuild-android-64/0.14.36:
    resolution: {integrity: sha512-jwpBhF1jmo0tVCYC/ORzVN+hyVcNZUWuozGcLHfod0RJCedTDTvR4nwlTXdx1gtncDqjk33itjO+27OZHbiavw==}
    engines: {node: '>=12'}
    cpu: [x64]
    os: [android]
    requiresBuild: true
    dev: true
    optional: true

  /esbuild-android-arm64/0.14.36:
    resolution: {integrity: sha512-/hYkyFe7x7Yapmfv4X/tBmyKnggUmdQmlvZ8ZlBnV4+PjisrEhAvC3yWpURuD9XoB8Wa1d5dGkTsF53pIvpjsg==}
    engines: {node: '>=12'}
    cpu: [arm64]
    os: [android]
    requiresBuild: true
    dev: true
    optional: true

  /esbuild-darwin-64/0.14.36:
    resolution: {integrity: sha512-kkl6qmV0dTpyIMKagluzYqlc1vO0ecgpviK/7jwPbRDEv5fejRTaBBEE2KxEQbTHcLhiiDbhG7d5UybZWo/1zQ==}
    engines: {node: '>=12'}
    cpu: [x64]
    os: [darwin]
    requiresBuild: true
    dev: true
    optional: true

  /esbuild-darwin-arm64/0.14.36:
    resolution: {integrity: sha512-q8fY4r2Sx6P0Pr3VUm//eFYKVk07C5MHcEinU1BjyFnuYz4IxR/03uBbDwluR6ILIHnZTE7AkTUWIdidRi1Jjw==}
    engines: {node: '>=12'}
    cpu: [arm64]
    os: [darwin]
    requiresBuild: true
    dev: true
    optional: true

  /esbuild-freebsd-64/0.14.36:
    resolution: {integrity: sha512-Hn8AYuxXXRptybPqoMkga4HRFE7/XmhtlQjXFHoAIhKUPPMeJH35GYEUWGbjteai9FLFvBAjEAlwEtSGxnqWww==}
    engines: {node: '>=12'}
    cpu: [x64]
    os: [freebsd]
    requiresBuild: true
    dev: true
    optional: true

  /esbuild-freebsd-arm64/0.14.36:
    resolution: {integrity: sha512-S3C0attylLLRiCcHiJd036eDEMOY32+h8P+jJ3kTcfhJANNjP0TNBNL30TZmEdOSx/820HJFgRrqpNAvTbjnDA==}
    engines: {node: '>=12'}
    cpu: [arm64]
    os: [freebsd]
    requiresBuild: true
    dev: true
    optional: true

  /esbuild-linux-32/0.14.36:
    resolution: {integrity: sha512-Eh9OkyTrEZn9WGO4xkI3OPPpUX7p/3QYvdG0lL4rfr73Ap2HAr6D9lP59VMF64Ex01LhHSXwIsFG/8AQjh6eNw==}
    engines: {node: '>=12'}
    cpu: [ia32]
    os: [linux]
    requiresBuild: true
    dev: true
    optional: true

  /esbuild-linux-64/0.14.36:
    resolution: {integrity: sha512-vFVFS5ve7PuwlfgoWNyRccGDi2QTNkQo/2k5U5ttVD0jRFaMlc8UQee708fOZA6zTCDy5RWsT5MJw3sl2X6KDg==}
    engines: {node: '>=12'}
    cpu: [x64]
    os: [linux]
    requiresBuild: true
    dev: true
    optional: true

  /esbuild-linux-arm/0.14.36:
    resolution: {integrity: sha512-NhgU4n+NCsYgt7Hy61PCquEz5aevI6VjQvxwBxtxrooXsxt5b2xtOUXYZe04JxqQo+XZk3d1gcr7pbV9MAQ/Lg==}
    engines: {node: '>=12'}
    cpu: [arm]
    os: [linux]
    requiresBuild: true
    dev: true
    optional: true

  /esbuild-linux-arm64/0.14.36:
    resolution: {integrity: sha512-24Vq1M7FdpSmaTYuu1w0Hdhiqkbto1I5Pjyi+4Cdw5fJKGlwQuw+hWynTcRI/cOZxBcBpP21gND7W27gHAiftw==}
    engines: {node: '>=12'}
    cpu: [arm64]
    os: [linux]
    requiresBuild: true
    dev: true
    optional: true

  /esbuild-linux-mips64le/0.14.36:
    resolution: {integrity: sha512-hZUeTXvppJN+5rEz2EjsOFM9F1bZt7/d2FUM1lmQo//rXh1RTFYzhC0txn7WV0/jCC7SvrGRaRz0NMsRPf8SIA==}
    engines: {node: '>=12'}
    cpu: [mips64el]
    os: [linux]
    requiresBuild: true
    dev: true
    optional: true

  /esbuild-linux-ppc64le/0.14.36:
    resolution: {integrity: sha512-1Bg3QgzZjO+QtPhP9VeIBhAduHEc2kzU43MzBnMwpLSZ890azr4/A9Dganun8nsqD/1TBcqhId0z4mFDO8FAvg==}
    engines: {node: '>=12'}
    cpu: [ppc64]
    os: [linux]
    requiresBuild: true
    dev: true
    optional: true

  /esbuild-linux-riscv64/0.14.36:
    resolution: {integrity: sha512-dOE5pt3cOdqEhaufDRzNCHf5BSwxgygVak9UR7PH7KPVHwSTDAZHDoEjblxLqjJYpc5XaU9+gKJ9F8mp9r5I4A==}
    engines: {node: '>=12'}
    cpu: [riscv64]
    os: [linux]
    requiresBuild: true
    dev: true
    optional: true

  /esbuild-linux-s390x/0.14.36:
    resolution: {integrity: sha512-g4FMdh//BBGTfVHjF6MO7Cz8gqRoDPzXWxRvWkJoGroKA18G9m0wddvPbEqcQf5Tbt2vSc1CIgag7cXwTmoTXg==}
    engines: {node: '>=12'}
    cpu: [s390x]
    os: [linux]
    requiresBuild: true
    dev: true
    optional: true

  /esbuild-netbsd-64/0.14.36:
    resolution: {integrity: sha512-UB2bVImxkWk4vjnP62ehFNZ73lQY1xcnL5ZNYF3x0AG+j8HgdkNF05v67YJdCIuUJpBuTyCK8LORCYo9onSW+A==}
    engines: {node: '>=12'}
    cpu: [x64]
    os: [netbsd]
    requiresBuild: true
    dev: true
    optional: true

  /esbuild-openbsd-64/0.14.36:
    resolution: {integrity: sha512-NvGB2Chf8GxuleXRGk8e9zD3aSdRO5kLt9coTQbCg7WMGXeX471sBgh4kSg8pjx0yTXRt0MlrUDnjVYnetyivg==}
    engines: {node: '>=12'}
    cpu: [x64]
    os: [openbsd]
    requiresBuild: true
    dev: true
    optional: true

  /esbuild-sunos-64/0.14.36:
    resolution: {integrity: sha512-VkUZS5ftTSjhRjuRLp+v78auMO3PZBXu6xl4ajomGenEm2/rGuWlhFSjB7YbBNErOchj51Jb2OK8lKAo8qdmsQ==}
    engines: {node: '>=12'}
    cpu: [x64]
    os: [sunos]
    requiresBuild: true
    dev: true
    optional: true

  /esbuild-windows-32/0.14.36:
    resolution: {integrity: sha512-bIar+A6hdytJjZrDxfMBUSEHHLfx3ynoEZXx/39nxy86pX/w249WZm8Bm0dtOAByAf4Z6qV0LsnTIJHiIqbw0w==}
    engines: {node: '>=12'}
    cpu: [ia32]
    os: [win32]
    requiresBuild: true
    dev: true
    optional: true

  /esbuild-windows-64/0.14.36:
    resolution: {integrity: sha512-+p4MuRZekVChAeueT1Y9LGkxrT5x7YYJxYE8ZOTcEfeUUN43vktSn6hUNsvxzzATrSgq5QqRdllkVBxWZg7KqQ==}
    engines: {node: '>=12'}
    cpu: [x64]
    os: [win32]
    requiresBuild: true
    dev: true
    optional: true

  /esbuild-windows-arm64/0.14.36:
    resolution: {integrity: sha512-fBB4WlDqV1m18EF/aheGYQkQZHfPHiHJSBYzXIo8yKehek+0BtBwo/4PNwKGJ5T0YK0oc8pBKjgwPbzSrPLb+Q==}
    engines: {node: '>=12'}
    cpu: [arm64]
    os: [win32]
    requiresBuild: true
    dev: true
    optional: true

  /esbuild/0.14.36:
    resolution: {integrity: sha512-HhFHPiRXGYOCRlrhpiVDYKcFJRdO0sBElZ668M4lh2ER0YgnkLxECuFe7uWCf23FrcLc59Pqr7dHkTqmRPDHmw==}
    engines: {node: '>=12'}
    hasBin: true
    requiresBuild: true
    optionalDependencies:
      esbuild-android-64: 0.14.36
      esbuild-android-arm64: 0.14.36
      esbuild-darwin-64: 0.14.36
      esbuild-darwin-arm64: 0.14.36
      esbuild-freebsd-64: 0.14.36
      esbuild-freebsd-arm64: 0.14.36
      esbuild-linux-32: 0.14.36
      esbuild-linux-64: 0.14.36
      esbuild-linux-arm: 0.14.36
      esbuild-linux-arm64: 0.14.36
      esbuild-linux-mips64le: 0.14.36
      esbuild-linux-ppc64le: 0.14.36
      esbuild-linux-riscv64: 0.14.36
      esbuild-linux-s390x: 0.14.36
      esbuild-netbsd-64: 0.14.36
      esbuild-openbsd-64: 0.14.36
      esbuild-sunos-64: 0.14.36
      esbuild-windows-32: 0.14.36
      esbuild-windows-64: 0.14.36
      esbuild-windows-arm64: 0.14.36
    dev: true

  /estree-walker/2.0.2:
    resolution: {integrity: sha512-Rfkk/Mp/DL7JVje3u18FxFujQlTNR2q6QfMSMB7AvCBx91NGj/ba3kCfza0f6dVDbw7YlRf/nDrn7pQrCCyQ/w==}

  /evtd/0.2.3:
    resolution: {integrity: sha512-tmiT1YUVqFjTY+BSBOAskL83xNx41iUfpvKP6Gcd/xMHjg3mnER98jXGXJyKnxCG19uPc6EhZiUC+MUyvoqCtw==}
    dev: false

  /follow-redirects/1.14.9:
    resolution: {integrity: sha512-MQDfihBQYMcyy5dhRDJUHcw7lb2Pv/TuE6xP1vyraLukNDHKbDxDNaOE3NbCAdKQApno+GPRyo1YAp89yCjK4w==}
    engines: {node: '>=4.0'}
    peerDependencies:
      debug: '*'
    peerDependenciesMeta:
      debug:
        optional: true
    dev: false

  /fs.realpath/1.0.0:
    resolution: {integrity: sha1-FQStJSMVjKpA20onh8sBQRmU6k8=}
    dev: true

  /fsevents/2.3.2:
    resolution: {integrity: sha512-xiqMQR4xAeHTuB9uWm+fFRcIOgKBMiOBP+eXiyT7jsgVCq1bkVygt00oASowB7EdtpOHaaPgKt812P9ab+DDKA==}
    engines: {node: ^8.16.0 || ^10.6.0 || >=11.0.0}
    os: [darwin]
    requiresBuild: true
    dev: true
    optional: true

  /fstream/1.0.12:
    resolution: {integrity: sha512-WvJ193OHa0GHPEL+AycEJgxvBEwyfRkN1vhjca23OaPVMCaLCXTd5qAu82AjTcgP1UJmytkOKb63Ypde7raDIg==}
    engines: {node: '>=0.6'}
    dependencies:
      graceful-fs: 4.2.10
      inherits: 2.0.4
      mkdirp: 0.5.6
      rimraf: 2.7.1
    dev: true

  /function-bind/1.1.1:
    resolution: {integrity: sha512-yIovAzMX49sF8Yl58fSCWJ5svSLuaibPxXQJFLmBObTuCr0Mf1KiPopGM9NiFjiYBCbfaa2Fh6breQ6ANVTI0A==}
    dev: true

  /glob/7.2.0:
    resolution: {integrity: sha512-lmLf6gtyrPq8tTjSmrO94wBeQbFR3HbLHbuyD69wuyQkImp2hWqMGB47OX65FBkPffO641IP9jWa1z4ivqG26Q==}
    dependencies:
      fs.realpath: 1.0.0
      inflight: 1.0.6
      inherits: 2.0.4
      minimatch: 3.1.2
      once: 1.4.0
      path-is-absolute: 1.0.1
    dev: true

  /graceful-fs/4.2.10:
    resolution: {integrity: sha512-9ByhssR2fPVsNZj478qUUbKfmL0+t5BDVyjShtyZZLiK7ZDAArFFfopyOTj0M05wE2tJPisA4iTnnXl2YoPvOA==}
    dev: true

  /has/1.0.3:
    resolution: {integrity: sha512-f2dvO0VU6Oej7RkWJGrehjbzMAjFp5/VKPp5tTpWIV4JHHZK1/BxbFRtf/siA2SWTe09caDmVtYYzWEIbBS4zw==}
    engines: {node: '>= 0.4.0'}
    dependencies:
      function-bind: 1.1.1
    dev: true

  /iconv-lite/0.4.24:
    resolution: {integrity: sha512-v3MXnZAcvnywkTUEZomIActle7RXXeedOR31wwl7VlyoXO4Qi9arvSenNQWne1TcRwhCL1HwLI21bEqdpj8/rA==}
    engines: {node: '>=0.10.0'}
    dependencies:
      safer-buffer: 2.1.2
    dev: true
    optional: true

  /image-size/0.5.5:
    resolution: {integrity: sha1-Cd/Uq50g4p6xw+gLiZA3jfnjy5w=}
    engines: {node: '>=0.10.0'}
    hasBin: true
    requiresBuild: true
    dev: true
    optional: true

  /inflight/1.0.6:
    resolution: {integrity: sha1-Sb1jMdfQLQwJvJEKEHW6gWW1bfk=}
    dependencies:
      once: 1.4.0
      wrappy: 1.0.2
    dev: true

  /inherits/2.0.4:
    resolution: {integrity: sha512-k/vGaX4/Yla3WzyMCvTQOXYeIHvqOKtnqBduzTHpzpQZzAskKMhZ2K+EnBiSM9zGSoIFeMpXKxa4dYeZIQqewQ==}
    dev: true

  /is-core-module/2.8.1:
    resolution: {integrity: sha512-SdNCUs284hr40hFTFP6l0IfZ/RSrMXF3qgoRHd3/79unUTvrFO/JoXwkGm+5J/Oe3E/b5GsnG330uUNgRpu1PA==}
    dependencies:
      has: 1.0.3
    dev: true

  /is-what/3.14.1:
    resolution: {integrity: sha512-sNxgpk9793nzSs7bA6JQJGeIuRBQhAaNGG77kzYQgMkrID+lS6SlK07K5LaptscDlSaIgH+GPFzf+d75FVxozA==}
    dev: true

  /isarray/1.0.0:
    resolution: {integrity: sha1-u5NdSFgsuhaMBoNJV6VKPgcSTxE=}
    dev: true

  /less/4.1.2:
    resolution: {integrity: sha512-EoQp/Et7OSOVu0aJknJOtlXZsnr8XE8KwuzTHOLeVSEx8pVWUICc8Q0VYRHgzyjX78nMEyC/oztWFbgyhtNfDA==}
    engines: {node: '>=6'}
    hasBin: true
    dependencies:
      copy-anything: 2.0.6
      parse-node-version: 1.0.1
      tslib: 2.3.1
    optionalDependencies:
      errno: 0.1.8
      graceful-fs: 4.2.10
      image-size: 0.5.5
      make-dir: 2.1.0
      mime: 1.6.0
      needle: 2.9.1
      source-map: 0.6.1
    dev: true

  /listenercount/1.0.1:
    resolution: {integrity: sha1-hMinKrWcRyUyFIDJdeZQg0LnCTc=}
    dev: true

  /magic-string/0.25.9:
    resolution: {integrity: sha512-RmF0AsMzgt25qzqqLc1+MbHmhdx0ojF2Fvs4XnOqz2ZOBXzzkEwc/dJQZCYHAn7v1jbVOjAZfK8msRn4BxO4VQ==}
    dependencies:
      sourcemap-codec: 1.4.8

  /make-dir/2.1.0:
    resolution: {integrity: sha512-LS9X+dc8KLxXCb8dni79fLIIUA5VyZoyjSMCwTluaXA0o27cCK0bhXkpgw+sTXVpPy/lSO57ilRixqk0vDmtRA==}
    engines: {node: '>=6'}
    requiresBuild: true
    dependencies:
      pify: 4.0.1
      semver: 5.7.1
    dev: true
    optional: true

  /mime/1.6.0:
    resolution: {integrity: sha512-x0Vn8spI+wuJ1O6S7gnbaQg8Pxh4NNHb7KSINmEWKiPE4RKOplvijn+NkmYmmRgP68mc70j2EbeTFRsrswaQeg==}
    engines: {node: '>=4'}
    hasBin: true
    requiresBuild: true
    dev: true
    optional: true

  /minimatch/3.1.2:
    resolution: {integrity: sha512-J7p63hRiAjw1NDEww1W7i37+ByIrOWO5XQQAzZ3VOcL0PNybwpfmV/N05zFAzwQ9USyEcX6t3UO+K5aqBQOIHw==}
    dependencies:
      brace-expansion: 1.1.11
    dev: true

  /minimist/1.2.6:
    resolution: {integrity: sha512-Jsjnk4bw3YJqYzbdyBiNsPWHPfO++UGG749Cxs6peCu5Xg4nrena6OVxOYxrQTqww0Jmwt+Ref8rggumkTLz9Q==}
    dev: true

  /mkdirp/0.5.6:
    resolution: {integrity: sha512-FP+p8RB8OWpF3YZBCrP5gtADmtXApB5AMLn+vdyA+PyxCjrCs00mjyUozssO33cwDeT3wNGdLxJ5M//YqtHAJw==}
    hasBin: true
    dependencies:
      minimist: 1.2.6
    dev: true

  /ms/2.1.3:
    resolution: {integrity: sha512-6FlzubTLZG3J2a/NVCAleEhjzq5oxgHyaCU9yYXvcLsvoVaHJq/s5xXI6/XXP6tz7R9xAOtHnSO/tXtF3WRTlA==}
    dev: true
    optional: true

  /nanoid/3.3.2:
    resolution: {integrity: sha512-CuHBogktKwpm5g2sRgv83jEy2ijFzBwMoYA60orPDR7ynsLijJDqgsi4RDGj3OJpy3Ieb+LYwiRmIOGyytgITA==}
    engines: {node: ^10 || ^12 || ^13.7 || ^14 || >=15.0.1}
    hasBin: true

  /needle/2.9.1:
    resolution: {integrity: sha512-6R9fqJ5Zcmf+uYaFgdIHmLwNldn5HbK8L5ybn7Uz+ylX/rnOsSp1AHcvQSrCaFN+qNM1wpymHqD7mVasEOlHGQ==}
    engines: {node: '>= 4.4.x'}
    hasBin: true
    requiresBuild: true
    dependencies:
      debug: 3.2.7
      iconv-lite: 0.4.24
      sax: 1.2.4
    dev: true
    optional: true

  /once/1.4.0:
    resolution: {integrity: sha1-WDsap3WWHUsROsF9nFC6753Xa9E=}
    dependencies:
      wrappy: 1.0.2
    dev: true

  /parse-node-version/1.0.1:
    resolution: {integrity: sha512-3YHlOa/JgH6Mnpr05jP9eDG254US9ek25LyIxZlDItp2iJtwyaXQb57lBYLdT3MowkUFYEV2XXNAYIPlESvJlA==}
    engines: {node: '>= 0.10'}
    dev: true

  /path-is-absolute/1.0.1:
    resolution: {integrity: sha1-F0uSaHNVNP+8es5r9TpanhtcX18=}
    engines: {node: '>=0.10.0'}
    dev: true

  /path-parse/1.0.7:
    resolution: {integrity: sha512-LDJzPVEEEPR+y48z93A0Ed0yXb8pAByGWo/k5YYdYgpY2/2EsOsksJrq7lOHxryrVOn1ejG6oAp8ahvOIQD8sw==}
    dev: true

  /picocolors/1.0.0:
    resolution: {integrity: sha512-1fygroTLlHu66zi26VoTDv8yRgm0Fccecssto+MhsZ0D/DGW2sm8E8AjW7NU5VVTRt5GxbeZ5qBuJr+HyLYkjQ==}

  /pify/4.0.1:
    resolution: {integrity: sha512-uB80kBFb/tfd68bVleG9T5GGsGPjJrLAUpR5PZIrhBnIaRTQRjqdJSsIKkOP6OAIFbj7GOrcudc5pNjZ+geV2g==}
    engines: {node: '>=6'}
    dev: true
    optional: true

  /pinia-plugin-persist/1.0.0_pinia@2.0.13+vue@3.2.32:
    resolution: {integrity: sha512-M4hBBd8fz/GgNmUPaaUsC29y1M09lqbXrMAHcusVoU8xlQi1TqgkWnnhvMikZwr7Le/hVyMx8KUcumGGrR6GVw==}
    peerDependencies:
      '@vue/composition-api': ^1.0.0
      pinia: ^2.0.0
      vue: ^2.0.0 || >=3.0.0
    peerDependenciesMeta:
      '@vue/composition-api':
        optional: true
    dependencies:
      pinia: 2.0.13_typescript@4.6.3+vue@3.2.32
      vue: 3.2.32
      vue-demi: 0.12.5_vue@3.2.32
    dev: false

  /pinia/2.0.13_typescript@4.6.3+vue@3.2.32:
    resolution: {integrity: sha512-B7rSqm1xNpwcPMnqns8/gVBfbbi7lWTByzS6aPZ4JOXSJD4Y531rZHDCoYWBwLyHY/8hWnXljgiXp6rRyrofcw==}
    peerDependencies:
      '@vue/composition-api': ^1.4.0
      typescript: '>=4.4.4'
      vue: ^2.6.14 || ^3.2.0
    peerDependenciesMeta:
      '@vue/composition-api':
        optional: true
      typescript:
        optional: true
    dependencies:
      '@vue/devtools-api': 6.1.4
      typescript: 4.6.3
      vue: 3.2.32
      vue-demi: 0.12.5_vue@3.2.32
    dev: false

  /postcss/8.4.12:
    resolution: {integrity: sha512-lg6eITwYe9v6Hr5CncVbK70SoioNQIq81nsaG86ev5hAidQvmOeETBqs7jm43K2F5/Ley3ytDtriImV6TpNiSg==}
    engines: {node: ^10 || ^12 || >=14}
    dependencies:
      nanoid: 3.3.2
      picocolors: 1.0.0
      source-map-js: 1.0.2

  /process-nextick-args/2.0.1:
    resolution: {integrity: sha512-3ouUOpQhtgrbOa17J7+uxOTpITYWaGP7/AhoR3+A+/1e9skrzelGi/dXzEYyvbxubEF6Wn2ypscTKiKJFFn1ag==}
    dev: true

  /prr/1.0.1:
    resolution: {integrity: sha1-0/wRS6BplaRexok/SEzrHXj19HY=}
    dev: true
    optional: true

  /readable-stream/2.3.7:
    resolution: {integrity: sha512-Ebho8K4jIbHAxnuxi7o42OrZgF/ZTNcsZj6nRKyUmkhLFq8CHItp/fy6hQZuZmP/n3yZ9VBUbp4zz/mX8hmYPw==}
    dependencies:
      core-util-is: 1.0.3
      inherits: 2.0.4
      isarray: 1.0.0
      process-nextick-args: 2.0.1
      safe-buffer: 5.1.2
      string_decoder: 1.1.1
      util-deprecate: 1.0.2
    dev: true

  /resolve/1.22.0:
    resolution: {integrity: sha512-Hhtrw0nLeSrFQ7phPp4OOcVjLPIeMnRlr5mcnVuMe7M/7eBn98A3hmFRLoFo3DLZkivSYwhRUJTyPyWAk56WLw==}
    hasBin: true
    dependencies:
      is-core-module: 2.8.1
      path-parse: 1.0.7
      supports-preserve-symlinks-flag: 1.0.0
    dev: true

  /rimraf/2.7.1:
    resolution: {integrity: sha512-uWjbaKIK3T1OSVptzX7Nl6PvQ3qAGtKEtVRjRuazjfL3Bx5eI409VZSqgND+4UNnmzLVdPj9FqFJNPqBZFve4w==}
    hasBin: true
    dependencies:
      glob: 7.2.0
    dev: true

  /rollup/2.70.1:
    resolution: {integrity: sha512-CRYsI5EuzLbXdxC6RnYhOuRdtz4bhejPMSWjsFLfVM/7w/85n2szZv6yExqUXsBdz5KT8eoubeyDUDjhLHEslA==}
    engines: {node: '>=10.0.0'}
    hasBin: true
    optionalDependencies:
      fsevents: 2.3.2
    dev: true

  /safe-buffer/5.1.2:
    resolution: {integrity: sha512-Gd2UZBJDkXlY7GbJxfsE8/nvKkUEU1G38c1siN6QP6a9PT9MmHB8GnpscSmMJSoF8LOIrt8ud/wPtojys4G6+g==}
    dev: true

  /safer-buffer/2.1.2:
    resolution: {integrity: sha512-YZo3K82SD7Riyi0E1EQPojLz7kpepnSQI9IyPbHHg1XXXevb5dJI7tpyN2ADxGcQbHG7vcyRHk0cbwqcQriUtg==}
    dev: true
    optional: true

  /sax/1.2.4:
    resolution: {integrity: sha512-NqVDv9TpANUjFm0N8uM5GxL36UgKi9/atZw+x7YFnQ8ckwFGKrl4xX4yWtrey3UJm5nP1kUbnYgLopqWNSRhWw==}
    dev: true
    optional: true

  /semver/5.7.1:
    resolution: {integrity: sha512-sauaDf/PZdVgrLTNYHRtpXa1iRiKcaebiKQ1BJdpQlWH2lCvexQdX55snPFyK7QzpudqbCI0qXFfOasHdyNDGQ==}
    hasBin: true
    dev: true
    optional: true

  /setimmediate/1.0.5:
    resolution: {integrity: sha1-KQy7Iy4waULX1+qbg3Mqt4VvgoU=}
    dev: true

  /source-map-js/1.0.2:
    resolution: {integrity: sha512-R0XvVJ9WusLiqTCEiGCmICCMplcCkIwwR11mOSD9CR5u+IXYdiseeEuXCVAjS54zqwkLcPNnmU4OeJ6tUrWhDw==}
    engines: {node: '>=0.10.0'}

  /source-map/0.6.1:
    resolution: {integrity: sha512-UjgapumWlbMhkBgzT7Ykc5YXUT46F0iKu8SGXq0bcwP5dz/h0Plj6enJqjz1Zbq2l5WaqYnrVbwWOWMyF3F47g==}
    engines: {node: '>=0.10.0'}

  /sourcemap-codec/1.4.8:
    resolution: {integrity: sha512-9NykojV5Uih4lgo5So5dtw+f0JgJX30KCNI8gwhz2J9A15wD0Ml6tjHKwf6fTSa6fAdVBdZeNOs9eJ71qCk8vA==}

  /string_decoder/1.1.1:
    resolution: {integrity: sha512-n/ShnvDi6FHbbVfviro+WojiFzv+s8MPMHBczVePfUpDJLwoLT0ht1l4YwBCbi8pJAveEEdnkHyPyTP/mzRfwg==}
    dependencies:
      safe-buffer: 5.1.2
    dev: true

  /supports-preserve-symlinks-flag/1.0.0:
    resolution: {integrity: sha512-ot0WnXS9fgdkgIcePe6RHNk1WA8+muPa6cSjeR3V8K27q9BB1rTE3R1p7Hv0z1ZyAc8s6Vvv8DIyWf681MAt0w==}
    engines: {node: '>= 0.4'}
    dev: true

  /to-fast-properties/2.0.0:
    resolution: {integrity: sha1-3F5pjL0HkmW8c+A3doGk5Og/YW4=}
    engines: {node: '>=4'}
    dev: true

  /traverse/0.3.9:
    resolution: {integrity: sha1-cXuPIgzAu3tE5AUUwisui7xw2Lk=}
    dev: true

  /tslib/2.3.1:
    resolution: {integrity: sha512-77EbyPPpMz+FRFRuAFlWMtmgUWGe9UOG2Z25NqCwiIjRhOf5iKGuzSe5P2w1laq+FkRy4p+PCuVkJSGkzTEKVw==}
    dev: true

  /typescript/4.6.3:
    resolution: {integrity: sha512-yNIatDa5iaofVozS/uQJEl3JRWLKKGJKh6Yaiv0GLGSuhpFJe7P3SbHZ8/yjAHRQwKRoA6YZqlfjXWmVzoVSMw==}
    engines: {node: '>=4.2.0'}
    hasBin: true
    dev: true

  /unzipper/0.10.11:
    resolution: {integrity: sha512-+BrAq2oFqWod5IESRjL3S8baohbevGcVA+teAIOYWM3pDVdseogqbzhhvvmiyQrUNKFUnDMtELW3X8ykbyDCJw==}
    dependencies:
      big-integer: 1.6.51
      binary: 0.3.0
      bluebird: 3.4.7
      buffer-indexof-polyfill: 1.0.2
      duplexer2: 0.1.4
      fstream: 1.0.12
      graceful-fs: 4.2.10
      listenercount: 1.0.1
      readable-stream: 2.3.7
      setimmediate: 1.0.5
    dev: true

  /util-deprecate/1.0.2:
    resolution: {integrity: sha1-RQ1Nyfpw3nMnYvvS1KKJgUGaDM8=}
    dev: true

  /uuid/8.3.2:
    resolution: {integrity: sha512-+NYs2QeMWy+GWFOEm9xnn6HCDp0l7QBD7ml8zLUmJ+93Q5NF0NocErnwkTkXVFNiX3/fpC6afS8Dhb/gz7R7eg==}
    hasBin: true
    dev: false

  /vite/2.9.4_less@4.1.2:
    resolution: {integrity: sha512-7pO6ruZMsyTpaPB7kGtW+yj15Ze5g+E4w4Ramk1sAJLIuI4uPd5sauqubmZNpq0Yc1vLVxoXRf2Uj+qWxk5aXw==}
    engines: {node: '>=12.2.0'}
    hasBin: true
    peerDependencies:
      less: '*'
      sass: '*'
      stylus: '*'
    peerDependenciesMeta:
      less:
        optional: true
      sass:
        optional: true
      stylus:
        optional: true
    dependencies:
      esbuild: 0.14.36
      less: 4.1.2
      postcss: 8.4.12
      resolve: 1.22.0
      rollup: 2.70.1
    optionalDependencies:
      fsevents: 2.3.2
    dev: true

  /vue-demi/0.12.5_vue@3.2.32:
    resolution: {integrity: sha512-BREuTgTYlUr0zw0EZn3hnhC3I6gPWv+Kwh4MCih6QcAeaTlaIX0DwOVN0wHej7hSvDPecz4jygy/idsgKfW58Q==}
    engines: {node: '>=12'}
    hasBin: true
    requiresBuild: true
    peerDependencies:
      '@vue/composition-api': ^1.0.0-rc.1
      vue: ^3.0.0-0 || ^2.6.0
    peerDependenciesMeta:
      '@vue/composition-api':
        optional: true
    dependencies:
      vue: 3.2.32
    dev: false

  /vue-i18n/9.2.0-beta.35_vue@3.2.32:
    resolution: {integrity: sha512-kTYzZSB3B/ar3M9RfQ0KAyTGfvRw544qVzY++/sNV4stOKG6NxIDOdHdYTfVEXTSkczFwoZHTKXTWNVpx+GuHA==}
    engines: {node: '>= 12'}
    peerDependencies:
      vue: ^3.0.0
    dependencies:
      '@intlify/core-base': 9.2.0-beta.35
      '@intlify/shared': 9.2.0-beta.35
      '@intlify/vue-devtools': 9.2.0-beta.35
      '@vue/devtools-api': 6.1.4
      vue: 3.2.32
    dev: false

  /vue-router/4.0.14_vue@3.2.32:
    resolution: {integrity: sha512-wAO6zF9zxA3u+7AkMPqw9LjoUCjSxfFvINQj3E/DceTt6uEz1XZLraDhdg2EYmvVwTBSGlLYsUw8bDmx0754Mw==}
    peerDependencies:
      vue: ^3.2.0
    dependencies:
      '@vue/devtools-api': 6.1.4
      vue: 3.2.32
    dev: false

  /vue-tsc/0.0.24:
    resolution: {integrity: sha512-Qx0V7jkWMtvddtaWa1SA8YKkBCRmjq9zZUB2UIMZiso6JSH538oHD2VumSzkoDnAfFbY3t0/j1mB2abpA0bGWA==}
    hasBin: true
    dependencies:
      unzipper: 0.10.11
    dev: true

  /vue/3.2.32:
    resolution: {integrity: sha512-6L3jKZApF042OgbCkh+HcFeAkiYi3Lovi8wNhWqIK98Pi5efAMLZzRHgi91v+60oIRxdJsGS9sTMsb+yDpY8Eg==}
    dependencies:
      '@vue/compiler-dom': 3.2.32
      '@vue/compiler-sfc': 3.2.32
      '@vue/runtime-dom': 3.2.32
      '@vue/server-renderer': 3.2.32_vue@3.2.32
      '@vue/shared': 3.2.32
    dev: false

  /wrappy/1.0.2:
    resolution: {integrity: sha1-tSQ9jz7BqjXxNkYFvA0QNuMKtp8=}
    dev: true
